// !$*UTF8*$!
{
	archiveVersion = 1;
	classes = {
	};
	objectVersion = 50;
	objects = {

/* Begin PBXBuildFile section */
		2B328F97216D0AA6002B7FE2 /* AppDelegate.swift in Sources */ = {isa = PBXBuildFile; fileRef = 2B328F96216D0AA6002B7FE2 /* AppDelegate.swift */; };
		2B328F99216D0AA6002B7FE2 /* ViewController.swift in Sources */ = {isa = PBXBuildFile; fileRef = 2B328F98216D0AA6002B7FE2 /* ViewController.swift */; };
		2B328F9C216D0AA6002B7FE2 /* Main.storyboard in Resources */ = {isa = PBXBuildFile; fileRef = 2B328F9A216D0AA6002B7FE2 /* Main.storyboard */; };
		2B328F9E216D0AA7002B7FE2 /* Assets.xcassets in Resources */ = {isa = PBXBuildFile; fileRef = 2B328F9D216D0AA7002B7FE2 /* Assets.xcassets */; };
		2B328FA1216D0AA7002B7FE2 /* LaunchScreen.storyboard in Resources */ = {isa = PBXBuildFile; fileRef = 2B328F9F216D0AA7002B7FE2 /* LaunchScreen.storyboard */; };
		2B328FAC216D0AA7002B7FE2 /* MockStaticTests.swift in Sources */ = {isa = PBXBuildFile; fileRef = 2B328FAB216D0AA7002B7FE2 /* MockStaticTests.swift */; };
		2B328FB7216D0AA7002B7FE2 /* MockStaticUITests.swift in Sources */ = {isa = PBXBuildFile; fileRef = 2B328FB6216D0AA7002B7FE2 /* MockStaticUITests.swift */; };
/* End PBXBuildFile section */

/* Begin PBXContainerItemProxy section */
		2B328FA8216D0AA7002B7FE2 /* PBXContainerItemProxy */ = {
			isa = PBXContainerItemProxy;
			containerPortal = 2B328F8B216D0AA6002B7FE2 /* Project object */;
			proxyType = 1;
			remoteGlobalIDString = 2B328F92216D0AA6002B7FE2;
			remoteInfo = MockStatic;
		};
		2B328FB3216D0AA7002B7FE2 /* PBXContainerItemProxy */ = {
			isa = PBXContainerItemProxy;
			containerPortal = 2B328F8B216D0AA6002B7FE2 /* Project object */;
			proxyType = 1;
			remoteGlobalIDString = 2B328F92216D0AA6002B7FE2;
			remoteInfo = MockStatic;
		};
/* End PBXContainerItemProxy section */

/* Begin PBXFileReference section */
		2B328F93216D0AA6002B7FE2 /* MockStatic.app */ = {isa = PBXFileReference; explicitFileType = wrapper.application; includeInIndex = 0; path = MockStatic.app; sourceTree = BUILT_PRODUCTS_DIR; };
		2B328F96216D0AA6002B7FE2 /* AppDelegate.swift */ = {isa = PBXFileReference; lastKnownFileType = sourcecode.swift; path = AppDelegate.swift; sourceTree = "<group>"; };
		2B328F98216D0AA6002B7FE2 /* ViewController.swift */ = {isa = PBXFileReference; lastKnownFileType = sourcecode.swift; path = ViewController.swift; sourceTree = "<group>"; };
		2B328F9B216D0AA6002B7FE2 /* Base */ = {isa = PBXFileReference; lastKnownFileType = file.storyboard; name = Base; path = Base.lproj/Main.storyboard; sourceTree = "<group>"; };
		2B328F9D216D0AA7002B7FE2 /* Assets.xcassets */ = {isa = PBXFileReference; lastKnownFileType = folder.assetcatalog; path = Assets.xcassets; sourceTree = "<group>"; };
		2B328FA0216D0AA7002B7FE2 /* Base */ = {isa = PBXFileReference; lastKnownFileType = file.storyboard; name = Base; path = Base.lproj/LaunchScreen.storyboard; sourceTree = "<group>"; };
		2B328FA2216D0AA7002B7FE2 /* Info.plist */ = {isa = PBXFileReference; lastKnownFileType = text.plist.xml; path = Info.plist; sourceTree = "<group>"; };
		2B328FA7216D0AA7002B7FE2 /* MockStaticTests.xctest */ = {isa = PBXFileReference; explicitFileType = wrapper.cfbundle; includeInIndex = 0; path = MockStaticTests.xctest; sourceTree = BUILT_PRODUCTS_DIR; };
		2B328FAB216D0AA7002B7FE2 /* MockStaticTests.swift */ = {isa = PBXFileReference; lastKnownFileType = sourcecode.swift; path = MockStaticTests.swift; sourceTree = "<group>"; };
		2B328FAD216D0AA7002B7FE2 /* Info.plist */ = {isa = PBXFileReference; lastKnownFileType = text.plist.xml; path = Info.plist; sourceTree = "<group>"; };
		2B328FB2216D0AA7002B7FE2 /* MockStaticUITests.xctest */ = {isa = PBXFileReference; explicitFileType = wrapper.cfbundle; includeInIndex = 0; path = MockStaticUITests.xctest; sourceTree = BUILT_PRODUCTS_DIR; };
		2B328FB6216D0AA7002B7FE2 /* MockStaticUITests.swift */ = {isa = PBXFileReference; lastKnownFileType = sourcecode.swift; path = MockStaticUITests.swift; sourceTree = "<group>"; };
		2B328FB8216D0AA7002B7FE2 /* Info.plist */ = {isa = PBXFileReference; lastKnownFileType = text.plist.xml; path = Info.plist; sourceTree = "<group>"; };
/* End PBXFileReference section */

/* Begin PBXFrameworksBuildPhase section */
		2B328F90216D0AA6002B7FE2 /* Frameworks */ = {
			isa = PBXFrameworksBuildPhase;
			buildActionMask = 2147483647;
			files = (
			);
			runOnlyForDeploymentPostprocessing = 0;
		};
		2B328FA4216D0AA7002B7FE2 /* Frameworks */ = {
			isa = PBXFrameworksBuildPhase;
			buildActionMask = 2147483647;
			files = (
			);
			runOnlyForDeploymentPostprocessing = 0;
		};
		2B328FAF216D0AA7002B7FE2 /* Frameworks */ = {
			isa = PBXFrameworksBuildPhase;
			buildActionMask = 2147483647;
			files = (
			);
			runOnlyForDeploymentPostprocessing = 0;
		};
/* End PBXFrameworksBuildPhase section */

/* Begin PBXGroup section */
		2B328F8A216D0AA6002B7FE2 = {
			isa = PBXGroup;
			children = (
				2B328F95216D0AA6002B7FE2 /* MockStatic */,
				2B328FAA216D0AA7002B7FE2 /* MockStaticTests */,
				2B328FB5216D0AA7002B7FE2 /* MockStaticUITests */,
				2B328F94216D0AA6002B7FE2 /* Products */,
			);
			sourceTree = "<group>";
		};
		2B328F94216D0AA6002B7FE2 /* Products */ = {
			isa = PBXGroup;
			children = (
				2B328F93216D0AA6002B7FE2 /* MockStatic.app */,
				2B328FA7216D0AA7002B7FE2 /* MockStaticTests.xctest */,
				2B328FB2216D0AA7002B7FE2 /* MockStaticUITests.xctest */,
			);
			name = Products;
			sourceTree = "<group>";
		};
		2B328F95216D0AA6002B7FE2 /* MockStatic */ = {
			isa = PBXGroup;
			children = (
				2B328F96216D0AA6002B7FE2 /* AppDelegate.swift */,
				2B328F98216D0AA6002B7FE2 /* ViewController.swift */,
				2B328F9A216D0AA6002B7FE2 /* Main.storyboard */,
				2B328F9D216D0AA7002B7FE2 /* Assets.xcassets */,
				2B328F9F216D0AA7002B7FE2 /* LaunchScreen.storyboard */,
				2B328FA2216D0AA7002B7FE2 /* Info.plist */,
			);
			path = MockStatic;
			sourceTree = "<group>";
		};
		2B328FAA216D0AA7002B7FE2 /* MockStaticTests */ = {
			isa = PBXGroup;
			children = (
				2B328FAB216D0AA7002B7FE2 /* MockStaticTests.swift */,
				2B328FAD216D0AA7002B7FE2 /* Info.plist */,
			);
			path = MockStaticTests;
			sourceTree = "<group>";
		};
		2B328FB5216D0AA7002B7FE2 /* MockStaticUITests */ = {
			isa = PBXGroup;
			children = (
				2B328FB6216D0AA7002B7FE2 /* MockStaticUITests.swift */,
				2B328FB8216D0AA7002B7FE2 /* Info.plist */,
			);
			path = MockStaticUITests;
			sourceTree = "<group>";
		};
/* End PBXGroup section */

/* Begin PBXNativeTarget section */
		2B328F92216D0AA6002B7FE2 /* MockStatic */ = {
			isa = PBXNativeTarget;
			buildConfigurationList = 2B328FBB216D0AA7002B7FE2 /* Build configuration list for PBXNativeTarget "MockStatic" */;
			buildPhases = (
				2B328F8F216D0AA6002B7FE2 /* Sources */,
				2B328F90216D0AA6002B7FE2 /* Frameworks */,
				2B328F91216D0AA6002B7FE2 /* Resources */,
			);
			buildRules = (
			);
			dependencies = (
			);
			name = MockStatic;
			productName = MockStatic;
			productReference = 2B328F93216D0AA6002B7FE2 /* MockStatic.app */;
			productType = "com.apple.product-type.application";
		};
		2B328FA6216D0AA7002B7FE2 /* MockStaticTests */ = {
			isa = PBXNativeTarget;
			buildConfigurationList = 2B328FBE216D0AA7002B7FE2 /* Build configuration list for PBXNativeTarget "MockStaticTests" */;
			buildPhases = (
				2B328FA3216D0AA7002B7FE2 /* Sources */,
				2B328FA4216D0AA7002B7FE2 /* Frameworks */,
				2B328FA5216D0AA7002B7FE2 /* Resources */,
			);
			buildRules = (
			);
			dependencies = (
				2B328FA9216D0AA7002B7FE2 /* PBXTargetDependency */,
			);
			name = MockStaticTests;
			productName = MockStaticTests;
			productReference = 2B328FA7216D0AA7002B7FE2 /* MockStaticTests.xctest */;
			productType = "com.apple.product-type.bundle.unit-test";
		};
		2B328FB1216D0AA7002B7FE2 /* MockStaticUITests */ = {
			isa = PBXNativeTarget;
			buildConfigurationList = 2B328FC1216D0AA7002B7FE2 /* Build configuration list for PBXNativeTarget "MockStaticUITests" */;
			buildPhases = (
				2B328FAE216D0AA7002B7FE2 /* Sources */,
				2B328FAF216D0AA7002B7FE2 /* Frameworks */,
				2B328FB0216D0AA7002B7FE2 /* Resources */,
			);
			buildRules = (
			);
			dependencies = (
				2B328FB4216D0AA7002B7FE2 /* PBXTargetDependency */,
			);
			name = MockStaticUITests;
			productName = MockStaticUITests;
			productReference = 2B328FB2216D0AA7002B7FE2 /* MockStaticUITests.xctest */;
			productType = "com.apple.product-type.bundle.ui-testing";
		};
/* End PBXNativeTarget section */

/* Begin PBXProject section */
		2B328F8B216D0AA6002B7FE2 /* Project object */ = {
			isa = PBXProject;
			attributes = {
				LastSwiftUpdateCheck = 0940;
				LastUpgradeCheck = 0940;
				ORGANIZATIONNAME = chaf.io;
				TargetAttributes = {
					2B328F92216D0AA6002B7FE2 = {
						CreatedOnToolsVersion = 9.4.1;
					};
					2B328FA6216D0AA7002B7FE2 = {
						CreatedOnToolsVersion = 9.4.1;
						TestTargetID = 2B328F92216D0AA6002B7FE2;
					};
					2B328FB1216D0AA7002B7FE2 = {
						CreatedOnToolsVersion = 9.4.1;
						TestTargetID = 2B328F92216D0AA6002B7FE2;
					};
				};
			};
			buildConfigurationList = 2B328F8E216D0AA6002B7FE2 /* Build configuration list for PBXProject "MockStatic" */;
			compatibilityVersion = "Xcode 9.3";
			developmentRegion = en;
			hasScannedForEncodings = 0;
			knownRegions = (
				en,
				Base,
			);
			mainGroup = 2B328F8A216D0AA6002B7FE2;
			productRefGroup = 2B328F94216D0AA6002B7FE2 /* Products */;
			projectDirPath = "";
			projectRoot = "";
			targets = (
				2B328F92216D0AA6002B7FE2 /* MockStatic */,
				2B328FA6216D0AA7002B7FE2 /* MockStaticTests */,
				2B328FB1216D0AA7002B7FE2 /* MockStaticUITests */,
			);
		};
/* End PBXProject section */

/* Begin PBXResourcesBuildPhase section */
		2B328F91216D0AA6002B7FE2 /* Resources */ = {
			isa = PBXResourcesBuildPhase;
			buildActionMask = 2147483647;
			files = (
				2B328FA1216D0AA7002B7FE2 /* LaunchScreen.storyboard in Resources */,
				2B328F9E216D0AA7002B7FE2 /* Assets.xcassets in Resources */,
				2B328F9C216D0AA6002B7FE2 /* Main.storyboard in Resources */,
			);
			runOnlyForDeploymentPostprocessing = 0;
		};
		2B328FA5216D0AA7002B7FE2 /* Resources */ = {
			isa = PBXResourcesBuildPhase;
			buildActionMask = 2147483647;
			files = (
			);
			runOnlyForDeploymentPostprocessing = 0;
		};
		2B328FB0216D0AA7002B7FE2 /* Resources */ = {
			isa = PBXResourcesBuildPhase;
			buildActionMask = 2147483647;
			files = (
			);
			runOnlyForDeploymentPostprocessing = 0;
		};
/* End PBXResourcesBuildPhase section */

/* Begin PBXSourcesBuildPhase section */
		2B328F8F216D0AA6002B7FE2 /* Sources */ = {
			isa = PBXSourcesBuildPhase;
			buildActionMask = 2147483647;
			files = (
				2B328F99216D0AA6002B7FE2 /* ViewController.swift in Sources */,
				2B328F97216D0AA6002B7FE2 /* AppDelegate.swift in Sources */,
			);
			runOnlyForDeploymentPostprocessing = 0;
		};
		2B328FA3216D0AA7002B7FE2 /* Sources */ = {
			isa = PBXSourcesBuildPhase;
			buildActionMask = 2147483647;
			files = (
				2B328FAC216D0AA7002B7FE2 /* MockStaticTests.swift in Sources */,
			);
			runOnlyForDeploymentPostprocessing = 0;
		};
		2B328FAE216D0AA7002B7FE2 /* Sources */ = {
			isa = PBXSourcesBuildPhase;
			buildActionMask = 2147483647;
			files = (
				2B328FB7216D0AA7002B7FE2 /* MockStaticUITests.swift in Sources */,
			);
			runOnlyForDeploymentPostprocessing = 0;
		};
/* End PBXSourcesBuildPhase section */

/* Begin PBXTargetDependency section */
		2B328FA9216D0AA7002B7FE2 /* PBXTargetDependency */ = {
			isa = PBXTargetDependency;
			target = 2B328F92216D0AA6002B7FE2 /* MockStatic */;
			targetProxy = 2B328FA8216D0AA7002B7FE2 /* PBXContainerItemProxy */;
		};
		2B328FB4216D0AA7002B7FE2 /* PBXTargetDependency */ = {
			isa = PBXTargetDependency;
			target = 2B328F92216D0AA6002B7FE2 /* MockStatic */;
			targetProxy = 2B328FB3216D0AA7002B7FE2 /* PBXContainerItemProxy */;
		};
/* End PBXTargetDependency section */

/* Begin PBXVariantGroup section */
		2B328F9A216D0AA6002B7FE2 /* Main.storyboard */ = {
			isa = PBXVariantGroup;
			children = (
				2B328F9B216D0AA6002B7FE2 /* Base */,
			);
			name = Main.storyboard;
			sourceTree = "<group>";
		};
		2B328F9F216D0AA7002B7FE2 /* LaunchScreen.storyboard */ = {
			isa = PBXVariantGroup;
			children = (
				2B328FA0216D0AA7002B7FE2 /* Base */,
			);
			name = LaunchScreen.storyboard;
			sourceTree = "<group>";
		};
/* End PBXVariantGroup section */

/* Begin XCBuildConfiguration section */
		2B328FB9216D0AA7002B7FE2 /* Debug */ = {
			isa = XCBuildConfiguration;
			buildSettings = {
				ALWAYS_SEARCH_USER_PATHS = NO;
				CLANG_ANALYZER_NONNULL = YES;
				CLANG_ANALYZER_NUMBER_OBJECT_CONVERSION = YES_AGGRESSIVE;
				CLANG_CXX_LANGUAGE_STANDARD = "gnu++14";
				CLANG_CXX_LIBRARY = "libc++";
				CLANG_ENABLE_MODULES = YES;
				CLANG_ENABLE_OBJC_ARC = YES;
				CLANG_ENABLE_OBJC_WEAK = YES;
				CLANG_WARN_BLOCK_CAPTURE_AUTORELEASING = YES;
				CLANG_WARN_BOOL_CONVERSION = YES;
				CLANG_WARN_COMMA = YES;
				CLANG_WARN_CONSTANT_CONVERSION = YES;
				CLANG_WARN_DEPRECATED_OBJC_IMPLEMENTATIONS = YES;
				CLANG_WARN_DIRECT_OBJC_ISA_USAGE = YES_ERROR;
				CLANG_WARN_DOCUMENTATION_COMMENTS = YES;
				CLANG_WARN_EMPTY_BODY = YES;
				CLANG_WARN_ENUM_CONVERSION = YES;
				CLANG_WARN_INFINITE_RECURSION = YES;
				CLANG_WARN_INT_CONVERSION = YES;
				CLANG_WARN_NON_LITERAL_NULL_CONVERSION = YES;
				CLANG_WARN_OBJC_IMPLICIT_RETAIN_SELF = YES;
				CLANG_WARN_OBJC_LITERAL_CONVERSION = YES;
				CLANG_WARN_OBJC_ROOT_CLASS = YES_ERROR;
				CLANG_WARN_RANGE_LOOP_ANALYSIS = YES;
				CLANG_WARN_STRICT_PROTOTYPES = YES;
				CLANG_WARN_SUSPICIOUS_MOVE = YES;
				CLANG_WARN_UNGUARDED_AVAILABILITY = YES_AGGRESSIVE;
				CLANG_WARN_UNREACHABLE_CODE = YES;
				CLANG_WARN__DUPLICATE_METHOD_MATCH = YES;
				CODE_SIGN_IDENTITY = "iPhone Developer";
				COPY_PHASE_STRIP = NO;
				DEBUG_INFORMATION_FORMAT = dwarf;
				ENABLE_STRICT_OBJC_MSGSEND = YES;
				ENABLE_TESTABILITY = YES;
				GCC_C_LANGUAGE_STANDARD = gnu11;
				GCC_DYNAMIC_NO_PIC = NO;
				GCC_NO_COMMON_BLOCKS = YES;
				GCC_OPTIMIZATION_LEVEL = 0;
				GCC_PREPROCESSOR_DEFINITIONS = (
					"DEBUG=1",
					"$(inherited)",
				);
				GCC_WARN_64_TO_32_BIT_CONVERSION = YES;
				GCC_WARN_ABOUT_RETURN_TYPE = YES_ERROR;
				GCC_WARN_UNDECLARED_SELECTOR = YES;
				GCC_WARN_UNINITIALIZED_AUTOS = YES_AGGRESSIVE;
				GCC_WARN_UNUSED_FUNCTION = YES;
				GCC_WARN_UNUSED_VARIABLE = YES;
				IPHONEOS_DEPLOYMENT_TARGET = 11.4;
				MTL_ENABLE_DEBUG_INFO = YES;
				ONLY_ACTIVE_ARCH = YES;
				SDKROOT = iphoneos;
				SWIFT_ACTIVE_COMPILATION_CONDITIONS = DEBUG;
				SWIFT_OPTIMIZATION_LEVEL = "-Onone";
			};
			name = Debug;
		};
		2B328FBA216D0AA7002B7FE2 /* Release */ = {
			isa = XCBuildConfiguration;
			buildSettings = {
				ALWAYS_SEARCH_USER_PATHS = NO;
				CLANG_ANALYZER_NONNULL = YES;
				CLANG_ANALYZER_NUMBER_OBJECT_CONVERSION = YES_AGGRESSIVE;
				CLANG_CXX_LANGUAGE_STANDARD = "gnu++14";
				CLANG_CXX_LIBRARY = "libc++";
				CLANG_ENABLE_MODULES = YES;
				CLANG_ENABLE_OBJC_ARC = YES;
				CLANG_ENABLE_OBJC_WEAK = YES;
				CLANG_WARN_BLOCK_CAPTURE_AUTORELEASING = YES;
				CLANG_WARN_BOOL_CONVERSION = YES;
				CLANG_WARN_COMMA = YES;
				CLANG_WARN_CONSTANT_CONVERSION = YES;
				CLANG_WARN_DEPRECATED_OBJC_IMPLEMENTATIONS = YES;
				CLANG_WARN_DIRECT_OBJC_ISA_USAGE = YES_ERROR;
				CLANG_WARN_DOCUMENTATION_COMMENTS = YES;
				CLANG_WARN_EMPTY_BODY = YES;
				CLANG_WARN_ENUM_CONVERSION = YES;
				CLANG_WARN_INFINITE_RECURSION = YES;
				CLANG_WARN_INT_CONVERSION = YES;
				CLANG_WARN_NON_LITERAL_NULL_CONVERSION = YES;
				CLANG_WARN_OBJC_IMPLICIT_RETAIN_SELF = YES;
				CLANG_WARN_OBJC_LITERAL_CONVERSION = YES;
				CLANG_WARN_OBJC_ROOT_CLASS = YES_ERROR;
				CLANG_WARN_RANGE_LOOP_ANALYSIS = YES;
				CLANG_WARN_STRICT_PROTOTYPES = YES;
				CLANG_WARN_SUSPICIOUS_MOVE = YES;
				CLANG_WARN_UNGUARDED_AVAILABILITY = YES_AGGRESSIVE;
				CLANG_WARN_UNREACHABLE_CODE = YES;
				CLANG_WARN__DUPLICATE_METHOD_MATCH = YES;
				CODE_SIGN_IDENTITY = "iPhone Developer";
				COPY_PHASE_STRIP = NO;
				DEBUG_INFORMATION_FORMAT = "dwarf-with-dsym";
				ENABLE_NS_ASSERTIONS = NO;
				ENABLE_STRICT_OBJC_MSGSEND = YES;
				GCC_C_LANGUAGE_STANDARD = gnu11;
				GCC_NO_COMMON_BLOCKS = YES;
				GCC_WARN_64_TO_32_BIT_CONVERSION = YES;
				GCC_WARN_ABOUT_RETURN_TYPE = YES_ERROR;
				GCC_WARN_UNDECLARED_SELECTOR = YES;
				GCC_WARN_UNINITIALIZED_AUTOS = YES_AGGRESSIVE;
				GCC_WARN_UNUSED_FUNCTION = YES;
				GCC_WARN_UNUSED_VARIABLE = YES;
				IPHONEOS_DEPLOYMENT_TARGET = 11.4;
				MTL_ENABLE_DEBUG_INFO = NO;
				SDKROOT = iphoneos;
				SWIFT_COMPILATION_MODE = wholemodule;
				SWIFT_OPTIMIZATION_LEVEL = "-O";
				VALIDATE_PRODUCT = YES;
			};
			name = Release;
		};
		2B328FBC216D0AA7002B7FE2 /* Debug */ = {
			isa = XCBuildConfiguration;
			buildSettings = {
				ASSETCATALOG_COMPILER_APPICON_NAME = AppIcon;
				CODE_SIGN_STYLE = Automatic;
				DEVELOPMENT_TEAM = H7TG4MJ93Z;
				INFOPLIST_FILE = MockStatic/Info.plist;
				LD_RUNPATH_SEARCH_PATHS = (
					"$(inherited)",
					"@executable_path/Frameworks",
				);
				PRODUCT_BUNDLE_IDENTIFIER = io.chaf.MockStatic;
				PRODUCT_NAME = "$(TARGET_NAME)";
				SWIFT_VERSION = 4.0;
				TARGETED_DEVICE_FAMILY = "1,2";
			};
			name = Debug;
		};
		2B328FBD216D0AA7002B7FE2 /* Release */ = {
			isa = XCBuildConfiguration;
			buildSettings = {
				ASSETCATALOG_COMPILER_APPICON_NAME = AppIcon;
				CODE_SIGN_STYLE = Automatic;
				DEVELOPMENT_TEAM = H7TG4MJ93Z;
				INFOPLIST_FILE = MockStatic/Info.plist;
				LD_RUNPATH_SEARCH_PATHS = (
					"$(inherited)",
					"@executable_path/Frameworks",
				);
				PRODUCT_BUNDLE_IDENTIFIER = io.chaf.MockStatic;
				PRODUCT_NAME = "$(TARGET_NAME)";
				SWIFT_VERSION = 4.0;
				TARGETED_DEVICE_FAMILY = "1,2";
			};
			name = Release;
		};
		2B328FBF216D0AA7002B7FE2 /* Debug */ = {
			isa = XCBuildConfiguration;
			buildSettings = {
				ALWAYS_EMBED_SWIFT_STANDARD_LIBRARIES = YES;
				BUNDLE_LOADER = "$(TEST_HOST)";
				CODE_SIGN_STYLE = Automatic;
				DEVELOPMENT_TEAM = H7TG4MJ93Z;
				INFOPLIST_FILE = MockStaticTests/Info.plist;
				LD_RUNPATH_SEARCH_PATHS = (
					"$(inherited)",
					"@executable_path/Frameworks",
					"@loader_path/Frameworks",
				);
				PRODUCT_BUNDLE_IDENTIFIER = io.chaf.MockStaticTests;
				PRODUCT_NAME = "$(TARGET_NAME)";
				SWIFT_VERSION = 4.0;
				TARGETED_DEVICE_FAMILY = "1,2";
				TEST_HOST = "$(BUILT_PRODUCTS_DIR)/MockStatic.app/MockStatic";
			};
			name = Debug;
		};
		2B328FC0216D0AA7002B7FE2 /* Release */ = {
			isa = XCBuildConfiguration;
			buildSettings = {
				ALWAYS_EMBED_SWIFT_STANDARD_LIBRARIES = YES;
				BUNDLE_LOADER = "$(TEST_HOST)";
				CODE_SIGN_STYLE = Automatic;
				DEVELOPMENT_TEAM = H7TG4MJ93Z;
				INFOPLIST_FILE = MockStaticTests/Info.plist;
				LD_RUNPATH_SEARCH_PATHS = (
					"$(inherited)",
					"@executable_path/Frameworks",
					"@loader_path/Frameworks",
				);
				PRODUCT_BUNDLE_IDENTIFIER = io.chaf.MockStaticTests;
				PRODUCT_NAME = "$(TARGET_NAME)";
				SWIFT_VERSION = 4.0;
				TARGETED_DEVICE_FAMILY = "1,2";
				TEST_HOST = "$(BUILT_PRODUCTS_DIR)/MockStatic.app/MockStatic";
			};
			name = Release;
		};
		2B328FC2216D0AA7002B7FE2 /* Debug */ = {
			isa = XCBuildConfiguration;
			buildSettings = {
				ALWAYS_EMBED_SWIFT_STANDARD_LIBRARIES = YES;
				CODE_SIGN_STYLE = Automatic;
				DEVELOPMENT_TEAM = H7TG4MJ93Z;
				INFOPLIST_FILE = MockStaticUITests/Info.plist;
				LD_RUNPATH_SEARCH_PATHS = (
					"$(inherited)",
					"@executable_path/Frameworks",
					"@loader_path/Frameworks",
				);
				PRODUCT_BUNDLE_IDENTIFIER = io.chaf.MockStaticUITests;
				PRODUCT_NAME = "$(TARGET_NAME)";
				SWIFT_VERSION = 4.0;
				TARGETED_DEVICE_FAMILY = "1,2";
				TEST_TARGET_NAME = MockStatic;
			};
			name = Debug;
		};
		2B328FC3216D0AA7002B7FE2 /* Release */ = {
			isa = XCBuildConfiguration;
			buildSettings = {
				ALWAYS_EMBED_SWIFT_STANDARD_LIBRARIES = YES;
				CODE_SIGN_STYLE = Automatic;
				DEVELOPMENT_TEAM = H7TG4MJ93Z;
				INFOPLIST_FILE = MockStaticUITests/Info.plist;
				LD_RUNPATH_SEARCH_PATHS = (
					"$(inherited)",
					"@executable_path/Frameworks",
					"@loader_path/Frameworks",
				);
				PRODUCT_BUNDLE_IDENTIFIER = io.chaf.MockStaticUITests;
				PRODUCT_NAME = "$(TARGET_NAME)";
				SWIFT_VERSION = 4.0;
				TARGETED_DEVICE_FAMILY = "1,2";
				TEST_TARGET_NAME = MockStatic;
			};
			name = Release;
		};
/* End XCBuildConfiguration section */

/* Begin XCConfigurationList section */
		2B328F8E216D0AA6002B7FE2 /* Build configuration list for PBXProject "MockStatic" */ = {
			isa = XCConfigurationList;
			buildConfigurations = (
				2B328FB9216D0AA7002B7FE2 /* Debug */,
				2B328FBA216D0AA7002B7FE2 /* Release */,
			);
			defaultConfigurationIsVisible = 0;
			defaultConfigurationName = Release;
		};
		2B328FBB216D0AA7002B7FE2 /* Build configuration list for PBXNativeTarget "MockStatic" */ = {
			isa = XCConfigurationList;
			buildConfigurations = (
				2B328FBC216D0AA7002B7FE2 /* Debug */,
				2B328FBD216D0AA7002B7FE2 /* Release */,
			);
			defaultConfigurationIsVisible = 0;
			defaultConfigurationName = Release;
		};
		2B328FBE216D0AA7002B7FE2 /* Build configuration list for PBXNativeTarget "MockStaticTests" */ = {
			isa = XCConfigurationList;
			buildConfigurations = (
				2B328FBF216D0AA7002B7FE2 /* Debug */,
				2B328FC0216D0AA7002B7FE2 /* Release */,
			);
			defaultConfigurationIsVisible = 0;
			defaultConfigurationName = Release;
		};
		2B328FC1216D0AA7002B7FE2 /* Build configuration list for PBXNativeTarget "MockStaticUITests" */ = {
			isa = XCConfigurationList;
			buildConfigurations = (
				2B328FC2216D0AA7002B7FE2 /* Debug */,
				2B328FC3216D0AA7002B7FE2 /* Release */,
			);
			defaultConfigurationIsVisible = 0;
			defaultConfigurationName = Release;
		};
/* End XCConfigurationList section */
	};
	rootObject = 2B328F8B216D0AA6002B7FE2 /* Project object */;
}
